<?xml version="1.0" encoding="utf-8"?>
<Project ToolsVersion="4.0" xmlns="http://schemas.microsoft.com/developer/msbuild/2003">
  <ItemGroup>
    <Filter Include="Resource Files">
      <UniqueIdentifier>{67DA6AB6-F800-4c08-8B7A-83BB121AAD01}</UniqueIdentifier>
      <Extensions>rc;ico;cur;bmp;dlg;rc2;rct;bin;rgs;gif;jpg;jpeg;jpe;resx;tiff;tif;png;wav;mfcribbon-ms</Extensions>
    </Filter>
    <Filter Include="Source">
      <UniqueIdentifier>{4FC737F1-C7A5-4376-A066-2A32D752A2FF}</UniqueIdentifier>
      <Extensions>cpp;c;cc;cxx;c++;cppm;ixx;def;odl;idl;hpj;bat;asm;asmx</Extensions>
    </Filter>
    <Filter Include="Source\Utility">
      <UniqueIdentifier>{db2df468-d6d5-4aad-95d1-f65a30100aad}</UniqueIdentifier>
    </Filter>
    <Filter Include="Source\Components">
      <UniqueIdentifier>{93995380-89BD-4b04-88EB-625FBE52EBFB}</UniqueIdentifier>
      <Extensions>h;hh;hpp;hxx;h++;hm;inl;inc;ipp;xsd</Extensions>
    </Filter>
    <Filter Include="Source\Shaders">
      <UniqueIdentifier>{9235ac8f-2ab3-41a5-8c55-062c2649747d}</UniqueIdentifier>
    </Filter>
  </ItemGroup>
  <ItemGroup>
    <ClCompile Include="Shader.cpp">
      <Filter>Source\Shaders</Filter>
    </ClCompile>
    <ClCompile Include="Window.cpp">
      <Filter>Source\Components</Filter>
    </ClCompile>
    <ClCompile Include="Renderer.cpp">
      <Filter>Source\Components</Filter>
    </ClCompile>
    <ClCompile Include="Main.cpp">
      <Filter>Source</Filter>
    </ClCompile>
    <ClCompile Include="Statistics.cpp">
      <Filter>Source\Utility</Filter>
    </ClCompile>
  </ItemGroup>
  <ItemGroup>
    <ClInclude Include="Window.hpp">
      <Filter>Source\Components</Filter>
    </ClInclude>
    <ClInclude Include="Renderer.hpp">
      <Filter>Source\Components</Filter>
    </ClInclude>
    <ClInclude Include="Shader.hpp">
      <Filter>Source\Shaders</Filter>
    </ClInclude>
    <ClInclude Include="Statistics.hpp">
      <Filter>Source\Utility</Filter>
    </ClInclude>
    <ClInclude Include="Errors.hpp">
      <Filter>Source\Utility</Filter>
    </ClInclude>
  </ItemGroup>
  <ItemGroup>
    <Text Include="fragment.shader">
      <Filter>Source\Shaders</Filter>
    </Text>
    <Text Include="Structure.txt">
      <Filter>Source</Filter>
    </Text>
  </ItemGroup>
  <ItemGroup>
    <None Include="vertex.shader">
      <Filter>Source\Shaders</Filter>
    </None>
  </ItemGroup>
</Project>