
Microsoft Visual Studio Solution File, Format Version 12.00
# Visual Studio Version 17
VisualStudioVersion = 17.1.32210.238
MinimumVisualStudioVersion = 10.0.40219.1
Project("{8BC9CEB8-8B4A-11D0-8D11-00A0C91BC942}") = "OpenGL Renderer (CS50x Final Project)", "OpenGL Renderer (CS50x Final Project).vcxproj", "{47E922A9-9E3B-4892-9DAA-BC0FB5DB2207}"
EndProject
Global
	GlobalSection(SolutionConfigurationPlatforms) = preSolution
		Debug|x64 = Debug|x64
		Debug|x86 = Debug|x86
		Release|x64 = Release|x64
		Release|x86 = Release|x86
	EndGlobalSection
	GlobalSection(ProjectConfigurationPlatforms) = postSolution
		{47E922A9-9E3B-4892-9DAA-BC0FB5DB2207}.Debug|x64.ActiveCfg = Debug|x64
		{47E922A9-9E3B-4892-9DAA-BC0FB5DB2207}.Debug|x64.Build.0 = Debug|x64
		{47E922A9-9E3B-4892-9DAA-BC0FB5DB2207}.Debug|x86.ActiveCfg = Debug|Win32
		{47E922A9-9E3B-4892-9DAA-BC0FB5DB2207}.Debug|x86.Build.0 = Debug|Win32
		{47E922A9-9E3B-4892-9DAA-BC0FB5DB2207}.Release|x64.ActiveCfg = Release|x64
		{47E922A9-9E3B-4892-9DAA-BC0FB5DB2207}.Release|x64.Build.0 = Release|x64
		{47E922A9-9E3B-4892-9DAA-BC0FB5DB2207}.Release|x86.ActiveCfg = Release|Win32
		{47E922A9-9E3B-4892-9DAA-BC0FB5DB2207}.Release|x86.Build.0 = Release|Win32
	EndGlobalSection
	GlobalSection(SolutionProperties) = preSolution
		HideSolutionNode = FALSE
	EndGlobalSection
	GlobalSection(ExtensibilityGlobals) = postSolution
		SolutionGuid = {2ED70C3E-4905-4B66-82E9-610A77369C75}
	EndGlobalSection
EndGlobal
